
Microsoft Visual Studio Solution File, Format Version 12.00
Project("{FAE04EC0-301F-11D3-BF4B-00C04F79EFBC}") = "ProductLibrary", "ProductLibrary\ProductLibrary.csproj", "{51D23AEF-044A-444C-89D7-8856B9FCDDEA}"
EndProject
Project("{FAE04EC0-301F-11D3-BF4B-00C04F79EFBC}") = "Aspnetcoreapp", "Aspnetcoreapp\Aspnetcoreapp.csproj", "{F85093C7-F081-40AA-8E21-52FB5E1A82B0}"
EndProject
Project("{2150E333-8FDC-42A3-9474-1A3956D46DE8}") = "Docker", "Docker", "{9E982AA6-2E24-40A4-B641-DE4DCC711F13}"
ProjectSection(SolutionItems) = preProject
	docker-compose.yml = docker-compose.yml
	.dockerignore = .dockerignore
EndProjectSection
EndProject
Global
	GlobalSection(SolutionConfigurationPlatforms) = preSolution
		Debug|Any CPU = Debug|Any CPU
		Release|Any CPU = Release|Any CPU
	EndGlobalSection
	GlobalSection(ProjectConfigurationPlatforms) = postSolution
		{51D23AEF-044A-444C-89D7-8856B9FCDDEA}.Debug|Any CPU.ActiveCfg = Debug|Any CPU
		{51D23AEF-044A-444C-89D7-8856B9FCDDEA}.Debug|Any CPU.Build.0 = Debug|Any CPU
		{51D23AEF-044A-444C-89D7-8856B9FCDDEA}.Release|Any CPU.ActiveCfg = Release|Any CPU
		{51D23AEF-044A-444C-89D7-8856B9FCDDEA}.Release|Any CPU.Build.0 = Release|Any CPU
		{F85093C7-F081-40AA-8E21-52FB5E1A82B0}.Debug|Any CPU.ActiveCfg = Debug|Any CPU
		{F85093C7-F081-40AA-8E21-52FB5E1A82B0}.Debug|Any CPU.Build.0 = Debug|Any CPU
		{F85093C7-F081-40AA-8E21-52FB5E1A82B0}.Release|Any CPU.ActiveCfg = Release|Any CPU
		{F85093C7-F081-40AA-8E21-52FB5E1A82B0}.Release|Any CPU.Build.0 = Release|Any CPU
	EndGlobalSection
EndGlobal
